// !$*UTF8*$!
{
	archiveVersion = 1;
	classes = {
	};
	objectVersion = 50;
	objects = {

/* Begin PBXBuildFile section */
		4D2F22A9243346E800ECC76E /* AppDelegate.swift in Sources */ = {isa = PBXBuildFile; fileRef = 4D2F22A8243346E800ECC76E /* AppDelegate.swift */; };
		4D2F22AB243346E800ECC76E /* SceneDelegate.swift in Sources */ = {isa = PBXBuildFile; fileRef = 4D2F22AA243346E800ECC76E /* SceneDelegate.swift */; };
		4D2F22AD243346E800ECC76E /* ContentView.swift in Sources */ = {isa = PBXBuildFile; fileRef = 4D2F22AC243346E800ECC76E /* ContentView.swift */; };
		4D2F22AF243346EA00ECC76E /* Assets.xcassets in Resources */ = {isa = PBXBuildFile; fileRef = 4D2F22AE243346EA00ECC76E /* Assets.xcassets */; };
		4D2F22B2243346EA00ECC76E /* Preview Assets.xcassets in Resources */ = {isa = PBXBuildFile; fileRef = 4D2F22B1243346EA00ECC76E /* Preview Assets.xcassets */; };
		4D2F22B5243346EA00ECC76E /* LaunchScreen.storyboard in Resources */ = {isa = PBXBuildFile; fileRef = 4D2F22B3243346EA00ECC76E /* LaunchScreen.storyboard */; };
		4D2F22C0243346EA00ECC76E /* Day_17Tests.swift in Sources */ = {isa = PBXBuildFile; fileRef = 4D2F22BF243346EA00ECC76E /* Day_17Tests.swift */; };
		4D2F22CB243346EA00ECC76E /* Day_17UITests.swift in Sources */ = {isa = PBXBuildFile; fileRef = 4D2F22CA243346EA00ECC76E /* Day_17UITests.swift */; };
/* End PBXBuildFile section */

/* Begin PBXContainerItemProxy section */
		4D2F22BC243346EA00ECC76E /* PBXContainerItemProxy */ = {
			isa = PBXContainerItemProxy;
			containerPortal = 4D2F229D243346E800ECC76E /* Project object */;
			proxyType = 1;
			remoteGlobalIDString = 4D2F22A4243346E800ECC76E;
			remoteInfo = "Day 17";
		};
		4D2F22C7243346EA00ECC76E /* PBXContainerItemProxy */ = {
			isa = PBXContainerItemProxy;
			containerPortal = 4D2F229D243346E800ECC76E /* Project object */;
			proxyType = 1;
			remoteGlobalIDString = 4D2F22A4243346E800ECC76E;
			remoteInfo = "Day 17";
		};
/* End PBXContainerItemProxy section */

/* Begin PBXFileReference section */
		4D2F22A5243346E800ECC76E /* Day 17.app */ = {isa = PBXFileReference; explicitFileType = wrapper.application; includeInIndex = 0; path = "Day 17.app"; sourceTree = BUILT_PRODUCTS_DIR; };
		4D2F22A8243346E800ECC76E /* AppDelegate.swift */ = {isa = PBXFileReference; lastKnownFileType = sourcecode.swift; path = AppDelegate.swift; sourceTree = "<group>"; };
		4D2F22AA243346E800ECC76E /* SceneDelegate.swift */ = {isa = PBXFileReference; lastKnownFileType = sourcecode.swift; path = SceneDelegate.swift; sourceTree = "<group>"; };
		4D2F22AC243346E800ECC76E /* ContentView.swift */ = {isa = PBXFileReference; lastKnownFileType = sourcecode.swift; path = ContentView.swift; sourceTree = "<group>"; };
		4D2F22AE243346EA00ECC76E /* Assets.xcassets */ = {isa = PBXFileReference; lastKnownFileType = folder.assetcatalog; path = Assets.xcassets; sourceTree = "<group>"; };
		4D2F22B1243346EA00ECC76E /* Preview Assets.xcassets */ = {isa = PBXFileReference; lastKnownFileType = folder.assetcatalog; path = "Preview Assets.xcassets"; sourceTree = "<group>"; };
		4D2F22B4243346EA00ECC76E /* Base */ = {isa = PBXFileReference; lastKnownFileType = file.storyboard; name = Base; path = Base.lproj/LaunchScreen.storyboard; sourceTree = "<group>"; };
		4D2F22B6243346EA00ECC76E /* Info.plist */ = {isa = PBXFileReference; lastKnownFileType = text.plist.xml; path = Info.plist; sourceTree = "<group>"; };
		4D2F22BB243346EA00ECC76E /* Day 17Tests.xctest */ = {isa = PBXFileReference; explicitFileType = wrapper.cfbundle; includeInIndex = 0; path = "Day 17Tests.xctest"; sourceTree = BUILT_PRODUCTS_DIR; };
		4D2F22BF243346EA00ECC76E /* Day_17Tests.swift */ = {isa = PBXFileReference; lastKnownFileType = sourcecode.swift; path = Day_17Tests.swift; sourceTree = "<group>"; };
		4D2F22C1243346EA00ECC76E /* Info.plist */ = {isa = PBXFileReference; lastKnownFileType = text.plist.xml; path = Info.plist; sourceTree = "<group>"; };
		4D2F22C6243346EA00ECC76E /* Day 17UITests.xctest */ = {isa = PBXFileReference; explicitFileType = wrapper.cfbundle; includeInIndex = 0; path = "Day 17UITests.xctest"; sourceTree = BUILT_PRODUCTS_DIR; };
		4D2F22CA243346EA00ECC76E /* Day_17UITests.swift */ = {isa = PBXFileReference; lastKnownFileType = sourcecode.swift; path = Day_17UITests.swift; sourceTree = "<group>"; };
		4D2F22CC243346EA00ECC76E /* Info.plist */ = {isa = PBXFileReference; lastKnownFileType = text.plist.xml; path = Info.plist; sourceTree = "<group>"; };
/* End PBXFileReference section */

/* Begin PBXFrameworksBuildPhase section */
		4D2F22A2243346E800ECC76E /* Frameworks */ = {
			isa = PBXFrameworksBuildPhase;
			buildActionMask = 2147483647;
			files = (
			);
			runOnlyForDeploymentPostprocessing = 0;
		};
		4D2F22B8243346EA00ECC76E /* Frameworks */ = {
			isa = PBXFrameworksBuildPhase;
			buildActionMask = 2147483647;
			files = (
			);
			runOnlyForDeploymentPostprocessing = 0;
		};
		4D2F22C3243346EA00ECC76E /* Frameworks */ = {
			isa = PBXFrameworksBuildPhase;
			buildActionMask = 2147483647;
			files = (
			);
			runOnlyForDeploymentPostprocessing = 0;
		};
/* End PBXFrameworksBuildPhase section */

/* Begin PBXGroup section */
		4D2F229C243346E800ECC76E = {
			isa = PBXGroup;
			children = (
				4D2F22A7243346E800ECC76E /* Day 17 */,
				4D2F22BE243346EA00ECC76E /* Day 17Tests */,
				4D2F22C9243346EA00ECC76E /* Day 17UITests */,
				4D2F22A6243346E800ECC76E /* Products */,
			);
			sourceTree = "<group>";
		};
		4D2F22A6243346E800ECC76E /* Products */ = {
			isa = PBXGroup;
			children = (
				4D2F22A5243346E800ECC76E /* Day 17.app */,
				4D2F22BB243346EA00ECC76E /* Day 17Tests.xctest */,
				4D2F22C6243346EA00ECC76E /* Day 17UITests.xctest */,
			);
			name = Products;
			sourceTree = "<group>";
		};
		4D2F22A7243346E800ECC76E /* Day 17 */ = {
			isa = PBXGroup;
			children = (
				4D2F22A8243346E800ECC76E /* AppDelegate.swift */,
				4D2F22AA243346E800ECC76E /* SceneDelegate.swift */,
				4D2F22AC243346E800ECC76E /* ContentView.swift */,
				4D2F22AE243346EA00ECC76E /* Assets.xcassets */,
				4D2F22B3243346EA00ECC76E /* LaunchScreen.storyboard */,
				4D2F22B6243346EA00ECC76E /* Info.plist */,
				4D2F22B0243346EA00ECC76E /* Preview Content */,
			);
			path = "Day 17";
			sourceTree = "<group>";
		};
		4D2F22B0243346EA00ECC76E /* Preview Content */ = {
			isa = PBXGroup;
			children = (
				4D2F22B1243346EA00ECC76E /* Preview Assets.xcassets */,
			);
			path = "Preview Content";
			sourceTree = "<group>";
		};
		4D2F22BE243346EA00ECC76E /* Day 17Tests */ = {
			isa = PBXGroup;
			children = (
				4D2F22BF243346EA00ECC76E /* Day_17Tests.swift */,
				4D2F22C1243346EA00ECC76E /* Info.plist */,
			);
			path = "Day 17Tests";
			sourceTree = "<group>";
		};
		4D2F22C9243346EA00ECC76E /* Day 17UITests */ = {
			isa = PBXGroup;
			children = (
				4D2F22CA243346EA00ECC76E /* Day_17UITests.swift */,
				4D2F22CC243346EA00ECC76E /* Info.plist */,
			);
			path = "Day 17UITests";
			sourceTree = "<group>";
		};
/* End PBXGroup section */

/* Begin PBXNativeTarget section */
		4D2F22A4243346E800ECC76E /* Day 17 */ = {
			isa = PBXNativeTarget;
			buildConfigurationList = 4D2F22CF243346EA00ECC76E /* Build configuration list for PBXNativeTarget "Day 17" */;
			buildPhases = (
				4D2F22A1243346E800ECC76E /* Sources */,
				4D2F22A2243346E800ECC76E /* Frameworks */,
				4D2F22A3243346E800ECC76E /* Resources */,
			);
			buildRules = (
			);
			dependencies = (
			);
			name = "Day 17";
			productName = "Day 17";
			productReference = 4D2F22A5243346E800ECC76E /* Day 17.app */;
			productType = "com.apple.product-type.application";
		};
		4D2F22BA243346EA00ECC76E /* Day 17Tests */ = {
			isa = PBXNativeTarget;
			buildConfigurationList = 4D2F22D2243346EA00ECC76E /* Build configuration list for PBXNativeTarget "Day 17Tests" */;
			buildPhases = (
				4D2F22B7243346EA00ECC76E /* Sources */,
				4D2F22B8243346EA00ECC76E /* Frameworks */,
				4D2F22B9243346EA00ECC76E /* Resources */,
			);
			buildRules = (
			);
			dependencies = (
				4D2F22BD243346EA00ECC76E /* PBXTargetDependency */,
			);
			name = "Day 17Tests";
			productName = "Day 17Tests";
			productReference = 4D2F22BB243346EA00ECC76E /* Day 17Tests.xctest */;
			productType = "com.apple.product-type.bundle.unit-test";
		};
		4D2F22C5243346EA00ECC76E /* Day 17UITests */ = {
			isa = PBXNativeTarget;
			buildConfigurationList = 4D2F22D5243346EA00ECC76E /* Build configuration list for PBXNativeTarget "Day 17UITests" */;
			buildPhases = (
				4D2F22C2243346EA00ECC76E /* Sources */,
				4D2F22C3243346EA00ECC76E /* Frameworks */,
				4D2F22C4243346EA00ECC76E /* Resources */,
			);
			buildRules = (
			);
			dependencies = (
				4D2F22C8243346EA00ECC76E /* PBXTargetDependency */,
			);
			name = "Day 17UITests";
			productName = "Day 17UITests";
			productReference = 4D2F22C6243346EA00ECC76E /* Day 17UITests.xctest */;
			productType = "com.apple.product-type.bundle.ui-testing";
		};
/* End PBXNativeTarget section */

/* Begin PBXProject section */
		4D2F229D243346E800ECC76E /* Project object */ = {
			isa = PBXProject;
			attributes = {
				LastSwiftUpdateCheck = 1140;
				LastUpgradeCheck = 1140;
				ORGANIZATIONNAME = "yeenbin Macbook Pro";
				TargetAttributes = {
					4D2F22A4243346E800ECC76E = {
						CreatedOnToolsVersion = 11.4;
					};
					4D2F22BA243346EA00ECC76E = {
						CreatedOnToolsVersion = 11.4;
						TestTargetID = 4D2F22A4243346E800ECC76E;
					};
					4D2F22C5243346EA00ECC76E = {
						CreatedOnToolsVersion = 11.4;
						TestTargetID = 4D2F22A4243346E800ECC76E;
					};
				};
			};
			buildConfigurationList = 4D2F22A0243346E800ECC76E /* Build configuration list for PBXProject "Day 17" */;
			compatibilityVersion = "Xcode 9.3";
			developmentRegion = en;
			hasScannedForEncodings = 0;
			knownRegions = (
				en,
				Base,
			);
			mainGroup = 4D2F229C243346E800ECC76E;
			productRefGroup = 4D2F22A6243346E800ECC76E /* Products */;
			projectDirPath = "";
			projectRoot = "";
			targets = (
				4D2F22A4243346E800ECC76E /* Day 17 */,
				4D2F22BA243346EA00ECC76E /* Day 17Tests */,
				4D2F22C5243346EA00ECC76E /* Day 17UITests */,
			);
		};
/* End PBXProject section */

/* Begin PBXResourcesBuildPhase section */
		4D2F22A3243346E800ECC76E /* Resources */ = {
			isa = PBXResourcesBuildPhase;
			buildActionMask = 2147483647;
			files = (
				4D2F22B5243346EA00ECC76E /* LaunchScreen.storyboard in Resources */,
				4D2F22B2243346EA00ECC76E /* Preview Assets.xcassets in Resources */,
				4D2F22AF243346EA00ECC76E /* Assets.xcassets in Resources */,
			);
			runOnlyForDeploymentPostprocessing = 0;
		};
		4D2F22B9243346EA00ECC76E /* Resources */ = {
			isa = PBXResourcesBuildPhase;
			buildActionMask = 2147483647;
			files = (
			);
			runOnlyForDeploymentPostprocessing = 0;
		};
		4D2F22C4243346EA00ECC76E /* Resources */ = {
			isa = PBXResourcesBuildPhase;
			buildActionMask = 2147483647;
			files = (
			);
			runOnlyForDeploymentPostprocessing = 0;
		};
/* End PBXResourcesBuildPhase section */

/* Begin PBXSourcesBuildPhase section */
		4D2F22A1243346E800ECC76E /* Sources */ = {
			isa = PBXSourcesBuildPhase;
			buildActionMask = 2147483647;
			files = (
				4D2F22A9243346E800ECC76E /* AppDelegate.swift in Sources */,
				4D2F22AB243346E800ECC76E /* SceneDelegate.swift in Sources */,
				4D2F22AD243346E800ECC76E /* ContentView.swift in Sources */,
			);
			runOnlyForDeploymentPostprocessing = 0;
		};
		4D2F22B7243346EA00ECC76E /* Sources */ = {
			isa = PBXSourcesBuildPhase;
			buildActionMask = 2147483647;
			files = (
				4D2F22C0243346EA00ECC76E /* Day_17Tests.swift in Sources */,
			);
			runOnlyForDeploymentPostprocessing = 0;
		};
		4D2F22C2243346EA00ECC76E /* Sources */ = {
			isa = PBXSourcesBuildPhase;
			buildActionMask = 2147483647;
			files = (
				4D2F22CB243346EA00ECC76E /* Day_17UITests.swift in Sources */,
			);
			runOnlyForDeploymentPostprocessing = 0;
		};
/* End PBXSourcesBuildPhase section */

/* Begin PBXTargetDependency section */
		4D2F22BD243346EA00ECC76E /* PBXTargetDependency */ = {
			isa = PBXTargetDependency;
			target = 4D2F22A4243346E800ECC76E /* Day 17 */;
			targetProxy = 4D2F22BC243346EA00ECC76E /* PBXContainerItemProxy */;
		};
		4D2F22C8243346EA00ECC76E /* PBXTargetDependency */ = {
			isa = PBXTargetDependency;
			target = 4D2F22A4243346E800ECC76E /* Day 17 */;
			targetProxy = 4D2F22C7243346EA00ECC76E /* PBXContainerItemProxy */;
		};
/* End PBXTargetDependency section */

/* Begin PBXVariantGroup section */
		4D2F22B3243346EA00ECC76E /* LaunchScreen.storyboard */ = {
			isa = PBXVariantGroup;
			children = (
				4D2F22B4243346EA00ECC76E /* Base */,
			);
			name = LaunchScreen.storyboard;
			sourceTree = "<group>";
		};
/* End PBXVariantGroup section */

/* Begin XCBuildConfiguration section */
		4D2F22CD243346EA00ECC76E /* Debug */ = {
			isa = XCBuildConfiguration;
			buildSettings = {
				ALWAYS_SEARCH_USER_PATHS = NO;
				CLANG_ANALYZER_NONNULL = YES;
				CLANG_ANALYZER_NUMBER_OBJECT_CONVERSION = YES_AGGRESSIVE;
				CLANG_CXX_LANGUAGE_STANDARD = "gnu++14";
				CLANG_CXX_LIBRARY = "libc++";
				CLANG_ENABLE_MODULES = YES;
				CLANG_ENABLE_OBJC_ARC = YES;
				CLANG_ENABLE_OBJC_WEAK = YES;
				CLANG_WARN_BLOCK_CAPTURE_AUTORELEASING = YES;
				CLANG_WARN_BOOL_CONVERSION = YES;
				CLANG_WARN_COMMA = YES;
				CLANG_WARN_CONSTANT_CONVERSION = YES;
				CLANG_WARN_DEPRECATED_OBJC_IMPLEMENTATIONS = YES;
				CLANG_WARN_DIRECT_OBJC_ISA_USAGE = YES_ERROR;
				CLANG_WARN_DOCUMENTATION_COMMENTS = YES;
				CLANG_WARN_EMPTY_BODY = YES;
				CLANG_WARN_ENUM_CONVERSION = YES;
				CLANG_WARN_INFINITE_RECURSION = YES;
				CLANG_WARN_INT_CONVERSION = YES;
				CLANG_WARN_NON_LITERAL_NULL_CONVERSION = YES;
				CLANG_WARN_OBJC_IMPLICIT_RETAIN_SELF = YES;
				CLANG_WARN_OBJC_LITERAL_CONVERSION = YES;
				CLANG_WARN_OBJC_ROOT_CLASS = YES_ERROR;
				CLANG_WARN_RANGE_LOOP_ANALYSIS = YES;
				CLANG_WARN_STRICT_PROTOTYPES = YES;
				CLANG_WARN_SUSPICIOUS_MOVE = YES;
				CLANG_WARN_UNGUARDED_AVAILABILITY = YES_AGGRESSIVE;
				CLANG_WARN_UNREACHABLE_CODE = YES;
				CLANG_WARN__DUPLICATE_METHOD_MATCH = YES;
				COPY_PHASE_STRIP = NO;
				DEBUG_INFORMATION_FORMAT = dwarf;
				ENABLE_STRICT_OBJC_MSGSEND = YES;
				ENABLE_TESTABILITY = YES;
				GCC_C_LANGUAGE_STANDARD = gnu11;
				GCC_DYNAMIC_NO_PIC = NO;
				GCC_NO_COMMON_BLOCKS = YES;
				GCC_OPTIMIZATION_LEVEL = 0;
				GCC_PREPROCESSOR_DEFINITIONS = (
					"DEBUG=1",
					"$(inherited)",
				);
				GCC_WARN_64_TO_32_BIT_CONVERSION = YES;
				GCC_WARN_ABOUT_RETURN_TYPE = YES_ERROR;
				GCC_WARN_UNDECLARED_SELECTOR = YES;
				GCC_WARN_UNINITIALIZED_AUTOS = YES_AGGRESSIVE;
				GCC_WARN_UNUSED_FUNCTION = YES;
				GCC_WARN_UNUSED_VARIABLE = YES;
				IPHONEOS_DEPLOYMENT_TARGET = 13.4;
				MTL_ENABLE_DEBUG_INFO = INCLUDE_SOURCE;
				MTL_FAST_MATH = YES;
				ONLY_ACTIVE_ARCH = YES;
				SDKROOT = iphoneos;
				SWIFT_ACTIVE_COMPILATION_CONDITIONS = DEBUG;
				SWIFT_OPTIMIZATION_LEVEL = "-Onone";
			};
			name = Debug;
		};
		4D2F22CE243346EA00ECC76E /* Release */ = {
			isa = XCBuildConfiguration;
			buildSettings = {
				ALWAYS_SEARCH_USER_PATHS = NO;
				CLANG_ANALYZER_NONNULL = YES;
				CLANG_ANALYZER_NUMBER_OBJECT_CONVERSION = YES_AGGRESSIVE;
				CLANG_CXX_LANGUAGE_STANDARD = "gnu++14";
				CLANG_CXX_LIBRARY = "libc++";
				CLANG_ENABLE_MODULES = YES;
				CLANG_ENABLE_OBJC_ARC = YES;
				CLANG_ENABLE_OBJC_WEAK = YES;
				CLANG_WARN_BLOCK_CAPTURE_AUTORELEASING = YES;
				CLANG_WARN_BOOL_CONVERSION = YES;
				CLANG_WARN_COMMA = YES;
				CLANG_WARN_CONSTANT_CONVERSION = YES;
				CLANG_WARN_DEPRECATED_OBJC_IMPLEMENTATIONS = YES;
				CLANG_WARN_DIRECT_OBJC_ISA_USAGE = YES_ERROR;
				CLANG_WARN_DOCUMENTATION_COMMENTS = YES;
				CLANG_WARN_EMPTY_BODY = YES;
				CLANG_WARN_ENUM_CONVERSION = YES;
				CLANG_WARN_INFINITE_RECURSION = YES;
				CLANG_WARN_INT_CONVERSION = YES;
				CLANG_WARN_NON_LITERAL_NULL_CONVERSION = YES;
				CLANG_WARN_OBJC_IMPLICIT_RETAIN_SELF = YES;
				CLANG_WARN_OBJC_LITERAL_CONVERSION = YES;
				CLANG_WARN_OBJC_ROOT_CLASS = YES_ERROR;
				CLANG_WARN_RANGE_LOOP_ANALYSIS = YES;
				CLANG_WARN_STRICT_PROTOTYPES = YES;
				CLANG_WARN_SUSPICIOUS_MOVE = YES;
				CLANG_WARN_UNGUARDED_AVAILABILITY = YES_AGGRESSIVE;
				CLANG_WARN_UNREACHABLE_CODE = YES;
				CLANG_WARN__DUPLICATE_METHOD_MATCH = YES;
				COPY_PHASE_STRIP = NO;
				DEBUG_INFORMATION_FORMAT = "dwarf-with-dsym";
				ENABLE_NS_ASSERTIONS = NO;
				ENABLE_STRICT_OBJC_MSGSEND = YES;
				GCC_C_LANGUAGE_STANDARD = gnu11;
				GCC_NO_COMMON_BLOCKS = YES;
				GCC_WARN_64_TO_32_BIT_CONVERSION = YES;
				GCC_WARN_ABOUT_RETURN_TYPE = YES_ERROR;
				GCC_WARN_UNDECLARED_SELECTOR = YES;
				GCC_WARN_UNINITIALIZED_AUTOS = YES_AGGRESSIVE;
				GCC_WARN_UNUSED_FUNCTION = YES;
				GCC_WARN_UNUSED_VARIABLE = YES;
				IPHONEOS_DEPLOYMENT_TARGET = 13.4;
				MTL_ENABLE_DEBUG_INFO = NO;
				MTL_FAST_MATH = YES;
				SDKROOT = iphoneos;
				SWIFT_COMPILATION_MODE = wholemodule;
				SWIFT_OPTIMIZATION_LEVEL = "-O";
				VALIDATE_PRODUCT = YES;
			};
			name = Release;
		};
		4D2F22D0243346EA00ECC76E /* Debug */ = {
			isa = XCBuildConfiguration;
			buildSettings = {
				ASSETCATALOG_COMPILER_APPICON_NAME = AppIcon;
				CODE_SIGN_STYLE = Automatic;
				DEVELOPMENT_ASSET_PATHS = "\"Day 17/Preview Content\"";
				DEVELOPMENT_TEAM = H3CB2K655P;
				ENABLE_PREVIEWS = YES;
				INFOPLIST_FILE = "Day 17/Info.plist";
				LD_RUNPATH_SEARCH_PATHS = (
					"$(inherited)",
					"@executable_path/Frameworks",
				);
				PRODUCT_BUNDLE_IDENTIFIER = "yeenbin.com.Day-17";
				PRODUCT_NAME = "$(TARGET_NAME)";
				SWIFT_VERSION = 5.0;
				TARGETED_DEVICE_FAMILY = "1,2";
			};
			name = Debug;
		};
		4D2F22D1243346EA00ECC76E /* Release */ = {
			isa = XCBuildConfiguration;
			buildSettings = {
				ASSETCATALOG_COMPILER_APPICON_NAME = AppIcon;
				CODE_SIGN_STYLE = Automatic;
				DEVELOPMENT_ASSET_PATHS = "\"Day 17/Preview Content\"";
				DEVELOPMENT_TEAM = H3CB2K655P;
				ENABLE_PREVIEWS = YES;
				INFOPLIST_FILE = "Day 17/Info.plist";
				LD_RUNPATH_SEARCH_PATHS = (
					"$(inherited)",
					"@executable_path/Frameworks",
				);
				PRODUCT_BUNDLE_IDENTIFIER = "yeenbin.com.Day-17";
				PRODUCT_NAME = "$(TARGET_NAME)";
				SWIFT_VERSION = 5.0;
				TARGETED_DEVICE_FAMILY = "1,2";
			};
			name = Release;
		};
		4D2F22D3243346EA00ECC76E /* Debug */ = {
			isa = XCBuildConfiguration;
			buildSettings = {
				ALWAYS_EMBED_SWIFT_STANDARD_LIBRARIES = YES;
				BUNDLE_LOADER = "$(TEST_HOST)";
				CODE_SIGN_STYLE = Automatic;
				DEVELOPMENT_TEAM = H3CB2K655P;
				INFOPLIST_FILE = "Day 17Tests/Info.plist";
				IPHONEOS_DEPLOYMENT_TARGET = 13.4;
				LD_RUNPATH_SEARCH_PATHS = (
					"$(inherited)",
					"@executable_path/Frameworks",
					"@loader_path/Frameworks",
				);
				PRODUCT_BUNDLE_IDENTIFIER = "yeenbin.com.Day-17Tests";
				PRODUCT_NAME = "$(TARGET_NAME)";
				SWIFT_VERSION = 5.0;
				TARGETED_DEVICE_FAMILY = "1,2";
				TEST_HOST = "$(BUILT_PRODUCTS_DIR)/Day 17.app/Day 17";
			};
			name = Debug;
		};
		4D2F22D4243346EA00ECC76E /* Release */ = {
			isa = XCBuildConfiguration;
			buildSettings = {
				ALWAYS_EMBED_SWIFT_STANDARD_LIBRARIES = YES;
				BUNDLE_LOADER = "$(TEST_HOST)";
				CODE_SIGN_STYLE = Automatic;
				DEVELOPMENT_TEAM = H3CB2K655P;
				INFOPLIST_FILE = "Day 17Tests/Info.plist";
				IPHONEOS_DEPLOYMENT_TARGET = 13.4;
				LD_RUNPATH_SEARCH_PATHS = (
					"$(inherited)",
					"@executable_path/Frameworks",
					"@loader_path/Frameworks",
				);
				PRODUCT_BUNDLE_IDENTIFIER = "yeenbin.com.Day-17Tests";
				PRODUCT_NAME = "$(TARGET_NAME)";
				SWIFT_VERSION = 5.0;
				TARGETED_DEVICE_FAMILY = "1,2";
				TEST_HOST = "$(BUILT_PRODUCTS_DIR)/Day 17.app/Day 17";
			};
			name = Release;
		};
		4D2F22D6243346EA00ECC76E /* Debug */ = {
			isa = XCBuildConfiguration;
			buildSettings = {
				ALWAYS_EMBED_SWIFT_STANDARD_LIBRARIES = YES;
				CODE_SIGN_STYLE = Automatic;
				DEVELOPMENT_TEAM = H3CB2K655P;
				INFOPLIST_FILE = "Day 17UITests/Info.plist";
				LD_RUNPATH_SEARCH_PATHS = (
					"$(inherited)",
					"@executable_path/Frameworks",
					"@loader_path/Frameworks",
				);
				PRODUCT_BUNDLE_IDENTIFIER = "yeenbin.com.Day-17UITests";
				PRODUCT_NAME = "$(TARGET_NAME)";
				SWIFT_VERSION = 5.0;
				TARGETED_DEVICE_FAMILY = "1,2";
				TEST_TARGET_NAME = "Day 17";
			};
			name = Debug;
		};
		4D2F22D7243346EA00ECC76E /* Release */ = {
			isa = XCBuildConfiguration;
			buildSettings = {
				ALWAYS_EMBED_SWIFT_STANDARD_LIBRARIES = YES;
				CODE_SIGN_STYLE = Automatic;
				DEVELOPMENT_TEAM = H3CB2K655P;
				INFOPLIST_FILE = "Day 17UITests/Info.plist";
				LD_RUNPATH_SEARCH_PATHS = (
					"$(inherited)",
					"@executable_path/Frameworks",
					"@loader_path/Frameworks",
				);
				PRODUCT_BUNDLE_IDENTIFIER = "yeenbin.com.Day-17UITests";
				PRODUCT_NAME = "$(TARGET_NAME)";
				SWIFT_VERSION = 5.0;
				TARGETED_DEVICE_FAMILY = "1,2";
				TEST_TARGET_NAME = "Day 17";
			};
			name = Release;
		};
/* End XCBuildConfiguration section */

/* Begin XCConfigurationList section */
		4D2F22A0243346E800ECC76E /* Build configuration list for PBXProject "Day 17" */ = {
			isa = XCConfigurationList;
			buildConfigurations = (
				4D2F22CD243346EA00ECC76E /* Debug */,
				4D2F22CE243346EA00ECC76E /* Release */,
			);
			defaultConfigurationIsVisible = 0;
			defaultConfigurationName = Release;
		};
		4D2F22CF243346EA00ECC76E /* Build configuration list for PBXNativeTarget "Day 17" */ = {
			isa = XCConfigurationList;
			buildConfigurations = (
				4D2F22D0243346EA00ECC76E /* Debug */,
				4D2F22D1243346EA00ECC76E /* Release */,
			);
			defaultConfigurationIsVisible = 0;
			defaultConfigurationName = Release;
		};
		4D2F22D2243346EA00ECC76E /* Build configuration list for PBXNativeTarget "Day 17Tests" */ = {
			isa = XCConfigurationList;
			buildConfigurations = (
				4D2F22D3243346EA00ECC76E /* Debug */,
				4D2F22D4243346EA00ECC76E /* Release */,
			);
			defaultConfigurationIsVisible = 0;
			defaultConfigurationName = Release;
		};
		4D2F22D5243346EA00ECC76E /* Build configuration list for PBXNativeTarget "Day 17UITests" */ = {
			isa = XCConfigurationList;
			buildConfigurations = (
				4D2F22D6243346EA00ECC76E /* Debug */,
				4D2F22D7243346EA00ECC76E /* Release */,
			);
			defaultConfigurationIsVisible = 0;
			defaultConfigurationName = Release;
		};
/* End XCConfigurationList section */
	};
	rootObject = 4D2F229D243346E800ECC76E /* Project object */;
}
