// !$*UTF8*$!
{
	archiveVersion = 1;
	classes = {
	};
	objectVersion = 50;
	objects = {

/* Begin PBXBuildFile section */
		4DB82B02245876CB00E1AA0C /* AppDelegate.swift in Sources */ = {isa = PBXBuildFile; fileRef = 4DB82B01245876CB00E1AA0C /* AppDelegate.swift */; };
		4DB82B04245876CB00E1AA0C /* SceneDelegate.swift in Sources */ = {isa = PBXBuildFile; fileRef = 4DB82B03245876CB00E1AA0C /* SceneDelegate.swift */; };
		4DB82B06245876CB00E1AA0C /* ContentView.swift in Sources */ = {isa = PBXBuildFile; fileRef = 4DB82B05245876CB00E1AA0C /* ContentView.swift */; };
		4DB82B08245876CB00E1AA0C /* Assets.xcassets in Resources */ = {isa = PBXBuildFile; fileRef = 4DB82B07245876CB00E1AA0C /* Assets.xcassets */; };
		4DB82B0B245876CB00E1AA0C /* Preview Assets.xcassets in Resources */ = {isa = PBXBuildFile; fileRef = 4DB82B0A245876CB00E1AA0C /* Preview Assets.xcassets */; };
		4DB82B0E245876CB00E1AA0C /* LaunchScreen.storyboard in Resources */ = {isa = PBXBuildFile; fileRef = 4DB82B0C245876CB00E1AA0C /* LaunchScreen.storyboard */; };
		4DB82B19245876CC00E1AA0C /* GuessTheFlagTests.swift in Sources */ = {isa = PBXBuildFile; fileRef = 4DB82B18245876CC00E1AA0C /* GuessTheFlagTests.swift */; };
		4DB82B24245876CC00E1AA0C /* GuessTheFlagUITests.swift in Sources */ = {isa = PBXBuildFile; fileRef = 4DB82B23245876CC00E1AA0C /* GuessTheFlagUITests.swift */; };
/* End PBXBuildFile section */

/* Begin PBXContainerItemProxy section */
		4DB82B15245876CC00E1AA0C /* PBXContainerItemProxy */ = {
			isa = PBXContainerItemProxy;
			containerPortal = 4DB82AF6245876CB00E1AA0C /* Project object */;
			proxyType = 1;
			remoteGlobalIDString = 4DB82AFD245876CB00E1AA0C;
			remoteInfo = GuessTheFlag;
		};
		4DB82B20245876CC00E1AA0C /* PBXContainerItemProxy */ = {
			isa = PBXContainerItemProxy;
			containerPortal = 4DB82AF6245876CB00E1AA0C /* Project object */;
			proxyType = 1;
			remoteGlobalIDString = 4DB82AFD245876CB00E1AA0C;
			remoteInfo = GuessTheFlag;
		};
/* End PBXContainerItemProxy section */

/* Begin PBXFileReference section */
		4DB82AFE245876CB00E1AA0C /* GuessTheFlag.app */ = {isa = PBXFileReference; explicitFileType = wrapper.application; includeInIndex = 0; path = GuessTheFlag.app; sourceTree = BUILT_PRODUCTS_DIR; };
		4DB82B01245876CB00E1AA0C /* AppDelegate.swift */ = {isa = PBXFileReference; lastKnownFileType = sourcecode.swift; path = AppDelegate.swift; sourceTree = "<group>"; };
		4DB82B03245876CB00E1AA0C /* SceneDelegate.swift */ = {isa = PBXFileReference; lastKnownFileType = sourcecode.swift; path = SceneDelegate.swift; sourceTree = "<group>"; };
		4DB82B05245876CB00E1AA0C /* ContentView.swift */ = {isa = PBXFileReference; lastKnownFileType = sourcecode.swift; path = ContentView.swift; sourceTree = "<group>"; };
		4DB82B07245876CB00E1AA0C /* Assets.xcassets */ = {isa = PBXFileReference; lastKnownFileType = folder.assetcatalog; path = Assets.xcassets; sourceTree = "<group>"; };
		4DB82B0A245876CB00E1AA0C /* Preview Assets.xcassets */ = {isa = PBXFileReference; lastKnownFileType = folder.assetcatalog; path = "Preview Assets.xcassets"; sourceTree = "<group>"; };
		4DB82B0D245876CB00E1AA0C /* Base */ = {isa = PBXFileReference; lastKnownFileType = file.storyboard; name = Base; path = Base.lproj/LaunchScreen.storyboard; sourceTree = "<group>"; };
		4DB82B0F245876CB00E1AA0C /* Info.plist */ = {isa = PBXFileReference; lastKnownFileType = text.plist.xml; path = Info.plist; sourceTree = "<group>"; };
		4DB82B14245876CC00E1AA0C /* GuessTheFlagTests.xctest */ = {isa = PBXFileReference; explicitFileType = wrapper.cfbundle; includeInIndex = 0; path = GuessTheFlagTests.xctest; sourceTree = BUILT_PRODUCTS_DIR; };
		4DB82B18245876CC00E1AA0C /* GuessTheFlagTests.swift */ = {isa = PBXFileReference; lastKnownFileType = sourcecode.swift; path = GuessTheFlagTests.swift; sourceTree = "<group>"; };
		4DB82B1A245876CC00E1AA0C /* Info.plist */ = {isa = PBXFileReference; lastKnownFileType = text.plist.xml; path = Info.plist; sourceTree = "<group>"; };
		4DB82B1F245876CC00E1AA0C /* GuessTheFlagUITests.xctest */ = {isa = PBXFileReference; explicitFileType = wrapper.cfbundle; includeInIndex = 0; path = GuessTheFlagUITests.xctest; sourceTree = BUILT_PRODUCTS_DIR; };
		4DB82B23245876CC00E1AA0C /* GuessTheFlagUITests.swift */ = {isa = PBXFileReference; lastKnownFileType = sourcecode.swift; path = GuessTheFlagUITests.swift; sourceTree = "<group>"; };
		4DB82B25245876CC00E1AA0C /* Info.plist */ = {isa = PBXFileReference; lastKnownFileType = text.plist.xml; path = Info.plist; sourceTree = "<group>"; };
/* End PBXFileReference section */

/* Begin PBXFrameworksBuildPhase section */
		4DB82AFB245876CB00E1AA0C /* Frameworks */ = {
			isa = PBXFrameworksBuildPhase;
			buildActionMask = 2147483647;
			files = (
			);
			runOnlyForDeploymentPostprocessing = 0;
		};
		4DB82B11245876CC00E1AA0C /* Frameworks */ = {
			isa = PBXFrameworksBuildPhase;
			buildActionMask = 2147483647;
			files = (
			);
			runOnlyForDeploymentPostprocessing = 0;
		};
		4DB82B1C245876CC00E1AA0C /* Frameworks */ = {
			isa = PBXFrameworksBuildPhase;
			buildActionMask = 2147483647;
			files = (
			);
			runOnlyForDeploymentPostprocessing = 0;
		};
/* End PBXFrameworksBuildPhase section */

/* Begin PBXGroup section */
		4DB82AF5245876CB00E1AA0C = {
			isa = PBXGroup;
			children = (
				4DB82B00245876CB00E1AA0C /* GuessTheFlag */,
				4DB82B17245876CC00E1AA0C /* GuessTheFlagTests */,
				4DB82B22245876CC00E1AA0C /* GuessTheFlagUITests */,
				4DB82AFF245876CB00E1AA0C /* Products */,
			);
			sourceTree = "<group>";
		};
		4DB82AFF245876CB00E1AA0C /* Products */ = {
			isa = PBXGroup;
			children = (
				4DB82AFE245876CB00E1AA0C /* GuessTheFlag.app */,
				4DB82B14245876CC00E1AA0C /* GuessTheFlagTests.xctest */,
				4DB82B1F245876CC00E1AA0C /* GuessTheFlagUITests.xctest */,
			);
			name = Products;
			sourceTree = "<group>";
		};
		4DB82B00245876CB00E1AA0C /* GuessTheFlag */ = {
			isa = PBXGroup;
			children = (
				4DB82B01245876CB00E1AA0C /* AppDelegate.swift */,
				4DB82B03245876CB00E1AA0C /* SceneDelegate.swift */,
				4DB82B05245876CB00E1AA0C /* ContentView.swift */,
				4DB82B07245876CB00E1AA0C /* Assets.xcassets */,
				4DB82B0C245876CB00E1AA0C /* LaunchScreen.storyboard */,
				4DB82B0F245876CB00E1AA0C /* Info.plist */,
				4DB82B09245876CB00E1AA0C /* Preview Content */,
			);
			path = GuessTheFlag;
			sourceTree = "<group>";
		};
		4DB82B09245876CB00E1AA0C /* Preview Content */ = {
			isa = PBXGroup;
			children = (
				4DB82B0A245876CB00E1AA0C /* Preview Assets.xcassets */,
			);
			path = "Preview Content";
			sourceTree = "<group>";
		};
		4DB82B17245876CC00E1AA0C /* GuessTheFlagTests */ = {
			isa = PBXGroup;
			children = (
				4DB82B18245876CC00E1AA0C /* GuessTheFlagTests.swift */,
				4DB82B1A245876CC00E1AA0C /* Info.plist */,
			);
			path = GuessTheFlagTests;
			sourceTree = "<group>";
		};
		4DB82B22245876CC00E1AA0C /* GuessTheFlagUITests */ = {
			isa = PBXGroup;
			children = (
				4DB82B23245876CC00E1AA0C /* GuessTheFlagUITests.swift */,
				4DB82B25245876CC00E1AA0C /* Info.plist */,
			);
			path = GuessTheFlagUITests;
			sourceTree = "<group>";
		};
/* End PBXGroup section */

/* Begin PBXNativeTarget section */
		4DB82AFD245876CB00E1AA0C /* GuessTheFlag */ = {
			isa = PBXNativeTarget;
			buildConfigurationList = 4DB82B28245876CC00E1AA0C /* Build configuration list for PBXNativeTarget "GuessTheFlag" */;
			buildPhases = (
				4DB82AFA245876CB00E1AA0C /* Sources */,
				4DB82AFB245876CB00E1AA0C /* Frameworks */,
				4DB82AFC245876CB00E1AA0C /* Resources */,
			);
			buildRules = (
			);
			dependencies = (
			);
			name = GuessTheFlag;
			productName = GuessTheFlag;
			productReference = 4DB82AFE245876CB00E1AA0C /* GuessTheFlag.app */;
			productType = "com.apple.product-type.application";
		};
		4DB82B13245876CC00E1AA0C /* GuessTheFlagTests */ = {
			isa = PBXNativeTarget;
			buildConfigurationList = 4DB82B2B245876CC00E1AA0C /* Build configuration list for PBXNativeTarget "GuessTheFlagTests" */;
			buildPhases = (
				4DB82B10245876CC00E1AA0C /* Sources */,
				4DB82B11245876CC00E1AA0C /* Frameworks */,
				4DB82B12245876CC00E1AA0C /* Resources */,
			);
			buildRules = (
			);
			dependencies = (
				4DB82B16245876CC00E1AA0C /* PBXTargetDependency */,
			);
			name = GuessTheFlagTests;
			productName = GuessTheFlagTests;
			productReference = 4DB82B14245876CC00E1AA0C /* GuessTheFlagTests.xctest */;
			productType = "com.apple.product-type.bundle.unit-test";
		};
		4DB82B1E245876CC00E1AA0C /* GuessTheFlagUITests */ = {
			isa = PBXNativeTarget;
			buildConfigurationList = 4DB82B2E245876CC00E1AA0C /* Build configuration list for PBXNativeTarget "GuessTheFlagUITests" */;
			buildPhases = (
				4DB82B1B245876CC00E1AA0C /* Sources */,
				4DB82B1C245876CC00E1AA0C /* Frameworks */,
				4DB82B1D245876CC00E1AA0C /* Resources */,
			);
			buildRules = (
			);
			dependencies = (
				4DB82B21245876CC00E1AA0C /* PBXTargetDependency */,
			);
			name = GuessTheFlagUITests;
			productName = GuessTheFlagUITests;
			productReference = 4DB82B1F245876CC00E1AA0C /* GuessTheFlagUITests.xctest */;
			productType = "com.apple.product-type.bundle.ui-testing";
		};
/* End PBXNativeTarget section */

/* Begin PBXProject section */
		4DB82AF6245876CB00E1AA0C /* Project object */ = {
			isa = PBXProject;
			attributes = {
				LastSwiftUpdateCheck = 1140;
				LastUpgradeCheck = 1140;
				ORGANIZATIONNAME = "yeenbin Macbook Pro";
				TargetAttributes = {
					4DB82AFD245876CB00E1AA0C = {
						CreatedOnToolsVersion = 11.4.1;
					};
					4DB82B13245876CC00E1AA0C = {
						CreatedOnToolsVersion = 11.4.1;
						TestTargetID = 4DB82AFD245876CB00E1AA0C;
					};
					4DB82B1E245876CC00E1AA0C = {
						CreatedOnToolsVersion = 11.4.1;
						TestTargetID = 4DB82AFD245876CB00E1AA0C;
					};
				};
			};
			buildConfigurationList = 4DB82AF9245876CB00E1AA0C /* Build configuration list for PBXProject "GuessTheFlag" */;
			compatibilityVersion = "Xcode 9.3";
			developmentRegion = en;
			hasScannedForEncodings = 0;
			knownRegions = (
				en,
				Base,
			);
			mainGroup = 4DB82AF5245876CB00E1AA0C;
			productRefGroup = 4DB82AFF245876CB00E1AA0C /* Products */;
			projectDirPath = "";
			projectRoot = "";
			targets = (
				4DB82AFD245876CB00E1AA0C /* GuessTheFlag */,
				4DB82B13245876CC00E1AA0C /* GuessTheFlagTests */,
				4DB82B1E245876CC00E1AA0C /* GuessTheFlagUITests */,
			);
		};
/* End PBXProject section */

/* Begin PBXResourcesBuildPhase section */
		4DB82AFC245876CB00E1AA0C /* Resources */ = {
			isa = PBXResourcesBuildPhase;
			buildActionMask = 2147483647;
			files = (
				4DB82B0E245876CB00E1AA0C /* LaunchScreen.storyboard in Resources */,
				4DB82B0B245876CB00E1AA0C /* Preview Assets.xcassets in Resources */,
				4DB82B08245876CB00E1AA0C /* Assets.xcassets in Resources */,
			);
			runOnlyForDeploymentPostprocessing = 0;
		};
		4DB82B12245876CC00E1AA0C /* Resources */ = {
			isa = PBXResourcesBuildPhase;
			buildActionMask = 2147483647;
			files = (
			);
			runOnlyForDeploymentPostprocessing = 0;
		};
		4DB82B1D245876CC00E1AA0C /* Resources */ = {
			isa = PBXResourcesBuildPhase;
			buildActionMask = 2147483647;
			files = (
			);
			runOnlyForDeploymentPostprocessing = 0;
		};
/* End PBXResourcesBuildPhase section */

/* Begin PBXSourcesBuildPhase section */
		4DB82AFA245876CB00E1AA0C /* Sources */ = {
			isa = PBXSourcesBuildPhase;
			buildActionMask = 2147483647;
			files = (
				4DB82B02245876CB00E1AA0C /* AppDelegate.swift in Sources */,
				4DB82B04245876CB00E1AA0C /* SceneDelegate.swift in Sources */,
				4DB82B06245876CB00E1AA0C /* ContentView.swift in Sources */,
			);
			runOnlyForDeploymentPostprocessing = 0;
		};
		4DB82B10245876CC00E1AA0C /* Sources */ = {
			isa = PBXSourcesBuildPhase;
			buildActionMask = 2147483647;
			files = (
				4DB82B19245876CC00E1AA0C /* GuessTheFlagTests.swift in Sources */,
			);
			runOnlyForDeploymentPostprocessing = 0;
		};
		4DB82B1B245876CC00E1AA0C /* Sources */ = {
			isa = PBXSourcesBuildPhase;
			buildActionMask = 2147483647;
			files = (
				4DB82B24245876CC00E1AA0C /* GuessTheFlagUITests.swift in Sources */,
			);
			runOnlyForDeploymentPostprocessing = 0;
		};
/* End PBXSourcesBuildPhase section */

/* Begin PBXTargetDependency section */
		4DB82B16245876CC00E1AA0C /* PBXTargetDependency */ = {
			isa = PBXTargetDependency;
			target = 4DB82AFD245876CB00E1AA0C /* GuessTheFlag */;
			targetProxy = 4DB82B15245876CC00E1AA0C /* PBXContainerItemProxy */;
		};
		4DB82B21245876CC00E1AA0C /* PBXTargetDependency */ = {
			isa = PBXTargetDependency;
			target = 4DB82AFD245876CB00E1AA0C /* GuessTheFlag */;
			targetProxy = 4DB82B20245876CC00E1AA0C /* PBXContainerItemProxy */;
		};
/* End PBXTargetDependency section */

/* Begin PBXVariantGroup section */
		4DB82B0C245876CB00E1AA0C /* LaunchScreen.storyboard */ = {
			isa = PBXVariantGroup;
			children = (
				4DB82B0D245876CB00E1AA0C /* Base */,
			);
			name = LaunchScreen.storyboard;
			sourceTree = "<group>";
		};
/* End PBXVariantGroup section */

/* Begin XCBuildConfiguration section */
		4DB82B26245876CC00E1AA0C /* Debug */ = {
			isa = XCBuildConfiguration;
			buildSettings = {
				ALWAYS_SEARCH_USER_PATHS = NO;
				CLANG_ANALYZER_NONNULL = YES;
				CLANG_ANALYZER_NUMBER_OBJECT_CONVERSION = YES_AGGRESSIVE;
				CLANG_CXX_LANGUAGE_STANDARD = "gnu++14";
				CLANG_CXX_LIBRARY = "libc++";
				CLANG_ENABLE_MODULES = YES;
				CLANG_ENABLE_OBJC_ARC = YES;
				CLANG_ENABLE_OBJC_WEAK = YES;
				CLANG_WARN_BLOCK_CAPTURE_AUTORELEASING = YES;
				CLANG_WARN_BOOL_CONVERSION = YES;
				CLANG_WARN_COMMA = YES;
				CLANG_WARN_CONSTANT_CONVERSION = YES;
				CLANG_WARN_DEPRECATED_OBJC_IMPLEMENTATIONS = YES;
				CLANG_WARN_DIRECT_OBJC_ISA_USAGE = YES_ERROR;
				CLANG_WARN_DOCUMENTATION_COMMENTS = YES;
				CLANG_WARN_EMPTY_BODY = YES;
				CLANG_WARN_ENUM_CONVERSION = YES;
				CLANG_WARN_INFINITE_RECURSION = YES;
				CLANG_WARN_INT_CONVERSION = YES;
				CLANG_WARN_NON_LITERAL_NULL_CONVERSION = YES;
				CLANG_WARN_OBJC_IMPLICIT_RETAIN_SELF = YES;
				CLANG_WARN_OBJC_LITERAL_CONVERSION = YES;
				CLANG_WARN_OBJC_ROOT_CLASS = YES_ERROR;
				CLANG_WARN_RANGE_LOOP_ANALYSIS = YES;
				CLANG_WARN_STRICT_PROTOTYPES = YES;
				CLANG_WARN_SUSPICIOUS_MOVE = YES;
				CLANG_WARN_UNGUARDED_AVAILABILITY = YES_AGGRESSIVE;
				CLANG_WARN_UNREACHABLE_CODE = YES;
				CLANG_WARN__DUPLICATE_METHOD_MATCH = YES;
				COPY_PHASE_STRIP = NO;
				DEBUG_INFORMATION_FORMAT = dwarf;
				ENABLE_STRICT_OBJC_MSGSEND = YES;
				ENABLE_TESTABILITY = YES;
				GCC_C_LANGUAGE_STANDARD = gnu11;
				GCC_DYNAMIC_NO_PIC = NO;
				GCC_NO_COMMON_BLOCKS = YES;
				GCC_OPTIMIZATION_LEVEL = 0;
				GCC_PREPROCESSOR_DEFINITIONS = (
					"DEBUG=1",
					"$(inherited)",
				);
				GCC_WARN_64_TO_32_BIT_CONVERSION = YES;
				GCC_WARN_ABOUT_RETURN_TYPE = YES_ERROR;
				GCC_WARN_UNDECLARED_SELECTOR = YES;
				GCC_WARN_UNINITIALIZED_AUTOS = YES_AGGRESSIVE;
				GCC_WARN_UNUSED_FUNCTION = YES;
				GCC_WARN_UNUSED_VARIABLE = YES;
				IPHONEOS_DEPLOYMENT_TARGET = 13.4;
				MTL_ENABLE_DEBUG_INFO = INCLUDE_SOURCE;
				MTL_FAST_MATH = YES;
				ONLY_ACTIVE_ARCH = YES;
				SDKROOT = iphoneos;
				SWIFT_ACTIVE_COMPILATION_CONDITIONS = DEBUG;
				SWIFT_OPTIMIZATION_LEVEL = "-Onone";
			};
			name = Debug;
		};
		4DB82B27245876CC00E1AA0C /* Release */ = {
			isa = XCBuildConfiguration;
			buildSettings = {
				ALWAYS_SEARCH_USER_PATHS = NO;
				CLANG_ANALYZER_NONNULL = YES;
				CLANG_ANALYZER_NUMBER_OBJECT_CONVERSION = YES_AGGRESSIVE;
				CLANG_CXX_LANGUAGE_STANDARD = "gnu++14";
				CLANG_CXX_LIBRARY = "libc++";
				CLANG_ENABLE_MODULES = YES;
				CLANG_ENABLE_OBJC_ARC = YES;
				CLANG_ENABLE_OBJC_WEAK = YES;
				CLANG_WARN_BLOCK_CAPTURE_AUTORELEASING = YES;
				CLANG_WARN_BOOL_CONVERSION = YES;
				CLANG_WARN_COMMA = YES;
				CLANG_WARN_CONSTANT_CONVERSION = YES;
				CLANG_WARN_DEPRECATED_OBJC_IMPLEMENTATIONS = YES;
				CLANG_WARN_DIRECT_OBJC_ISA_USAGE = YES_ERROR;
				CLANG_WARN_DOCUMENTATION_COMMENTS = YES;
				CLANG_WARN_EMPTY_BODY = YES;
				CLANG_WARN_ENUM_CONVERSION = YES;
				CLANG_WARN_INFINITE_RECURSION = YES;
				CLANG_WARN_INT_CONVERSION = YES;
				CLANG_WARN_NON_LITERAL_NULL_CONVERSION = YES;
				CLANG_WARN_OBJC_IMPLICIT_RETAIN_SELF = YES;
				CLANG_WARN_OBJC_LITERAL_CONVERSION = YES;
				CLANG_WARN_OBJC_ROOT_CLASS = YES_ERROR;
				CLANG_WARN_RANGE_LOOP_ANALYSIS = YES;
				CLANG_WARN_STRICT_PROTOTYPES = YES;
				CLANG_WARN_SUSPICIOUS_MOVE = YES;
				CLANG_WARN_UNGUARDED_AVAILABILITY = YES_AGGRESSIVE;
				CLANG_WARN_UNREACHABLE_CODE = YES;
				CLANG_WARN__DUPLICATE_METHOD_MATCH = YES;
				COPY_PHASE_STRIP = NO;
				DEBUG_INFORMATION_FORMAT = "dwarf-with-dsym";
				ENABLE_NS_ASSERTIONS = NO;
				ENABLE_STRICT_OBJC_MSGSEND = YES;
				GCC_C_LANGUAGE_STANDARD = gnu11;
				GCC_NO_COMMON_BLOCKS = YES;
				GCC_WARN_64_TO_32_BIT_CONVERSION = YES;
				GCC_WARN_ABOUT_RETURN_TYPE = YES_ERROR;
				GCC_WARN_UNDECLARED_SELECTOR = YES;
				GCC_WARN_UNINITIALIZED_AUTOS = YES_AGGRESSIVE;
				GCC_WARN_UNUSED_FUNCTION = YES;
				GCC_WARN_UNUSED_VARIABLE = YES;
				IPHONEOS_DEPLOYMENT_TARGET = 13.4;
				MTL_ENABLE_DEBUG_INFO = NO;
				MTL_FAST_MATH = YES;
				SDKROOT = iphoneos;
				SWIFT_COMPILATION_MODE = wholemodule;
				SWIFT_OPTIMIZATION_LEVEL = "-O";
				VALIDATE_PRODUCT = YES;
			};
			name = Release;
		};
		4DB82B29245876CC00E1AA0C /* Debug */ = {
			isa = XCBuildConfiguration;
			buildSettings = {
				ASSETCATALOG_COMPILER_APPICON_NAME = AppIcon;
				CODE_SIGN_STYLE = Automatic;
				DEVELOPMENT_ASSET_PATHS = "\"GuessTheFlag/Preview Content\"";
				DEVELOPMENT_TEAM = H3CB2K655P;
				ENABLE_PREVIEWS = YES;
				INFOPLIST_FILE = GuessTheFlag/Info.plist;
				LD_RUNPATH_SEARCH_PATHS = (
					"$(inherited)",
					"@executable_path/Frameworks",
				);
				PRODUCT_BUNDLE_IDENTIFIER = yeenbin.com.GuessTheFlag;
				PRODUCT_NAME = "$(TARGET_NAME)";
				SWIFT_VERSION = 5.0;
				TARGETED_DEVICE_FAMILY = "1,2";
			};
			name = Debug;
		};
		4DB82B2A245876CC00E1AA0C /* Release */ = {
			isa = XCBuildConfiguration;
			buildSettings = {
				ASSETCATALOG_COMPILER_APPICON_NAME = AppIcon;
				CODE_SIGN_STYLE = Automatic;
				DEVELOPMENT_ASSET_PATHS = "\"GuessTheFlag/Preview Content\"";
				DEVELOPMENT_TEAM = H3CB2K655P;
				ENABLE_PREVIEWS = YES;
				INFOPLIST_FILE = GuessTheFlag/Info.plist;
				LD_RUNPATH_SEARCH_PATHS = (
					"$(inherited)",
					"@executable_path/Frameworks",
				);
				PRODUCT_BUNDLE_IDENTIFIER = yeenbin.com.GuessTheFlag;
				PRODUCT_NAME = "$(TARGET_NAME)";
				SWIFT_VERSION = 5.0;
				TARGETED_DEVICE_FAMILY = "1,2";
			};
			name = Release;
		};
		4DB82B2C245876CC00E1AA0C /* Debug */ = {
			isa = XCBuildConfiguration;
			buildSettings = {
				ALWAYS_EMBED_SWIFT_STANDARD_LIBRARIES = YES;
				BUNDLE_LOADER = "$(TEST_HOST)";
				CODE_SIGN_STYLE = Automatic;
				DEVELOPMENT_TEAM = H3CB2K655P;
				INFOPLIST_FILE = GuessTheFlagTests/Info.plist;
				IPHONEOS_DEPLOYMENT_TARGET = 13.4;
				LD_RUNPATH_SEARCH_PATHS = (
					"$(inherited)",
					"@executable_path/Frameworks",
					"@loader_path/Frameworks",
				);
				PRODUCT_BUNDLE_IDENTIFIER = yeenbin.com.GuessTheFlagTests;
				PRODUCT_NAME = "$(TARGET_NAME)";
				SWIFT_VERSION = 5.0;
				TARGETED_DEVICE_FAMILY = "1,2";
				TEST_HOST = "$(BUILT_PRODUCTS_DIR)/GuessTheFlag.app/GuessTheFlag";
			};
			name = Debug;
		};
		4DB82B2D245876CC00E1AA0C /* Release */ = {
			isa = XCBuildConfiguration;
			buildSettings = {
				ALWAYS_EMBED_SWIFT_STANDARD_LIBRARIES = YES;
				BUNDLE_LOADER = "$(TEST_HOST)";
				CODE_SIGN_STYLE = Automatic;
				DEVELOPMENT_TEAM = H3CB2K655P;
				INFOPLIST_FILE = GuessTheFlagTests/Info.plist;
				IPHONEOS_DEPLOYMENT_TARGET = 13.4;
				LD_RUNPATH_SEARCH_PATHS = (
					"$(inherited)",
					"@executable_path/Frameworks",
					"@loader_path/Frameworks",
				);
				PRODUCT_BUNDLE_IDENTIFIER = yeenbin.com.GuessTheFlagTests;
				PRODUCT_NAME = "$(TARGET_NAME)";
				SWIFT_VERSION = 5.0;
				TARGETED_DEVICE_FAMILY = "1,2";
				TEST_HOST = "$(BUILT_PRODUCTS_DIR)/GuessTheFlag.app/GuessTheFlag";
			};
			name = Release;
		};
		4DB82B2F245876CC00E1AA0C /* Debug */ = {
			isa = XCBuildConfiguration;
			buildSettings = {
				ALWAYS_EMBED_SWIFT_STANDARD_LIBRARIES = YES;
				CODE_SIGN_STYLE = Automatic;
				DEVELOPMENT_TEAM = H3CB2K655P;
				INFOPLIST_FILE = GuessTheFlagUITests/Info.plist;
				LD_RUNPATH_SEARCH_PATHS = (
					"$(inherited)",
					"@executable_path/Frameworks",
					"@loader_path/Frameworks",
				);
				PRODUCT_BUNDLE_IDENTIFIER = yeenbin.com.GuessTheFlagUITests;
				PRODUCT_NAME = "$(TARGET_NAME)";
				SWIFT_VERSION = 5.0;
				TARGETED_DEVICE_FAMILY = "1,2";
				TEST_TARGET_NAME = GuessTheFlag;
			};
			name = Debug;
		};
		4DB82B30245876CC00E1AA0C /* Release */ = {
			isa = XCBuildConfiguration;
			buildSettings = {
				ALWAYS_EMBED_SWIFT_STANDARD_LIBRARIES = YES;
				CODE_SIGN_STYLE = Automatic;
				DEVELOPMENT_TEAM = H3CB2K655P;
				INFOPLIST_FILE = GuessTheFlagUITests/Info.plist;
				LD_RUNPATH_SEARCH_PATHS = (
					"$(inherited)",
					"@executable_path/Frameworks",
					"@loader_path/Frameworks",
				);
				PRODUCT_BUNDLE_IDENTIFIER = yeenbin.com.GuessTheFlagUITests;
				PRODUCT_NAME = "$(TARGET_NAME)";
				SWIFT_VERSION = 5.0;
				TARGETED_DEVICE_FAMILY = "1,2";
				TEST_TARGET_NAME = GuessTheFlag;
			};
			name = Release;
		};
/* End XCBuildConfiguration section */

/* Begin XCConfigurationList section */
		4DB82AF9245876CB00E1AA0C /* Build configuration list for PBXProject "GuessTheFlag" */ = {
			isa = XCConfigurationList;
			buildConfigurations = (
				4DB82B26245876CC00E1AA0C /* Debug */,
				4DB82B27245876CC00E1AA0C /* Release */,
			);
			defaultConfigurationIsVisible = 0;
			defaultConfigurationName = Release;
		};
		4DB82B28245876CC00E1AA0C /* Build configuration list for PBXNativeTarget "GuessTheFlag" */ = {
			isa = XCConfigurationList;
			buildConfigurations = (
				4DB82B29245876CC00E1AA0C /* Debug */,
				4DB82B2A245876CC00E1AA0C /* Release */,
			);
			defaultConfigurationIsVisible = 0;
			defaultConfigurationName = Release;
		};
		4DB82B2B245876CC00E1AA0C /* Build configuration list for PBXNativeTarget "GuessTheFlagTests" */ = {
			isa = XCConfigurationList;
			buildConfigurations = (
				4DB82B2C245876CC00E1AA0C /* Debug */,
				4DB82B2D245876CC00E1AA0C /* Release */,
			);
			defaultConfigurationIsVisible = 0;
			defaultConfigurationName = Release;
		};
		4DB82B2E245876CC00E1AA0C /* Build configuration list for PBXNativeTarget "GuessTheFlagUITests" */ = {
			isa = XCConfigurationList;
			buildConfigurations = (
				4DB82B2F245876CC00E1AA0C /* Debug */,
				4DB82B30245876CC00E1AA0C /* Release */,
			);
			defaultConfigurationIsVisible = 0;
			defaultConfigurationName = Release;
		};
/* End XCConfigurationList section */
	};
	rootObject = 4DB82AF6245876CB00E1AA0C /* Project object */;
}
